Microsoft Visual Studio Solution File, Format Version 12.00
# Visual Studio Version 17
VisualStudioVersion = 17.5.2.0
MinimumVisualStudioVersion = 10.0.40219.1
Project("{FAE04EC0-301F-11D3-BF4B-00C04F79EFBC}") = "StudentMinimalApi", "StudentMinimalApi.csproj", "{6CEC537A-9382-AC95-BBFC-DF40B3EDF80C}"
EndProject
Global
	GlobalSection(SolutionConfigurationPlatforms) = preSolution
		Debug|Any CPU = Debug|Any CPU
		Release|Any CPU = Release|Any CPU
	EndGlobalSection
	GlobalSection(ProjectConfigurationPlatforms) = postSolution
		{6CEC537A-9382-AC95-BBFC-DF40B3EDF80C}.Debug|Any CPU.ActiveCfg = Debug|Any CPU
		{6CEC537A-9382-AC95-BBFC-DF40B3EDF80C}.Debug|Any CPU.Build.0 = Debug|Any CPU
		{6CEC537A-9382-AC95-BBFC-DF40B3EDF80C}.Release|Any CPU.ActiveCfg = Release|Any CPU
		{6CEC537A-9382-AC95-BBFC-DF40B3EDF80C}.Release|Any CPU.Build.0 = Release|Any CPU
	EndGlobalSection
	GlobalSection(SolutionProperties) = preSolution
		HideSolutionNode = FALSE
	EndGlobalSection
	GlobalSection(ExtensibilityGlobals) = postSolution
		SolutionGuid = {5FE6DFB3-6601-4163-A71F-1AB3215D859D}
	EndGlobalSection
EndGlobal
